// !$*UTF8*$!
{
	archiveVersion = 1;
	classes = {
	};
	objectVersion = 56;
	objects = {

/* Begin PBXBuildFile section */
		0981E1CF29EDAF0500896816 /* RedditView.swift in Sources */ = {isa = PBXBuildFile; fileRef = 0981E1CE29EDAF0500896816 /* RedditView.swift */; };
		0981E1D129EDB40800896816 /* TelegramView.swift in Sources */ = {isa = PBXBuildFile; fileRef = 0981E1D029EDB40800896816 /* TelegramView.swift */; };
		0981E1D329EDB41C00896816 /* NewsView.swift in Sources */ = {isa = PBXBuildFile; fileRef = 0981E1D229EDB41C00896816 /* NewsView.swift */; };
		0981E1D529EDB42800896816 /* BlogView.swift in Sources */ = {isa = PBXBuildFile; fileRef = 0981E1D429EDB42800896816 /* BlogView.swift */; };
		0981E1D729EED63000896816 /* Localizable.strings in Resources */ = {isa = PBXBuildFile; fileRef = 0981E1D629EED63000896816 /* Localizable.strings */; };
		0981E1D929EED68300896816 /* MscreenerText.swift in Sources */ = {isa = PBXBuildFile; fileRef = 0981E1D829EED68300896816 /* MscreenerText.swift */; };
		09F713FB29E84CDE00148808 /* mscreenerApp.swift in Sources */ = {isa = PBXBuildFile; fileRef = 09F713FA29E84CDE00148808 /* mscreenerApp.swift */; };
		09F713FD29E84CDE00148808 /* ContentView.swift in Sources */ = {isa = PBXBuildFile; fileRef = 09F713FC29E84CDE00148808 /* ContentView.swift */; };
		09F713FF29E84CDF00148808 /* Assets.xcassets in Resources */ = {isa = PBXBuildFile; fileRef = 09F713FE29E84CDF00148808 /* Assets.xcassets */; };
		09F7140C29E84CDF00148808 /* mscreenerTests.swift in Sources */ = {isa = PBXBuildFile; fileRef = 09F7140B29E84CDF00148808 /* mscreenerTests.swift */; };
		09F7141629E84CDF00148808 /* mscreenerUITests.swift in Sources */ = {isa = PBXBuildFile; fileRef = 09F7141529E84CDF00148808 /* mscreenerUITests.swift */; };
		09F7141829E84CDF00148808 /* mscreenerUITestsLaunchTests.swift in Sources */ = {isa = PBXBuildFile; fileRef = 09F7141729E84CDF00148808 /* mscreenerUITestsLaunchTests.swift */; };
		09F7142529E84CEF00148808 /* Home.swift in Sources */ = {isa = PBXBuildFile; fileRef = 09F7142429E84CEF00148808 /* Home.swift */; };
		09F7142729E84CF600148808 /* Profile.swift in Sources */ = {isa = PBXBuildFile; fileRef = 09F7142629E84CF600148808 /* Profile.swift */; };
		09F7142929E8551800148808 /* Tab.swift in Sources */ = {isa = PBXBuildFile; fileRef = 09F7142829E8551800148808 /* Tab.swift */; };
		09F7142B29E8576500148808 /* TwitterView.swift in Sources */ = {isa = PBXBuildFile; fileRef = 09F7142A29E8576500148808 /* TwitterView.swift */; };
/* End PBXBuildFile section */

/* Begin PBXContainerItemProxy section */
		09F7140829E84CDF00148808 /* PBXContainerItemProxy */ = {
			isa = PBXContainerItemProxy;
			containerPortal = 09F713EF29E84CDE00148808 /* Project object */;
			proxyType = 1;
			remoteGlobalIDString = 09F713F629E84CDE00148808;
			remoteInfo = mscreener;
		};
		09F7141229E84CDF00148808 /* PBXContainerItemProxy */ = {
			isa = PBXContainerItemProxy;
			containerPortal = 09F713EF29E84CDE00148808 /* Project object */;
			proxyType = 1;
			remoteGlobalIDString = 09F713F629E84CDE00148808;
			remoteInfo = mscreener;
		};
/* End PBXContainerItemProxy section */

/* Begin PBXFileReference section */
		0981E1CE29EDAF0500896816 /* RedditView.swift */ = {isa = PBXFileReference; lastKnownFileType = sourcecode.swift; path = RedditView.swift; sourceTree = "<group>"; };
		0981E1D029EDB40800896816 /* TelegramView.swift */ = {isa = PBXFileReference; lastKnownFileType = sourcecode.swift; path = TelegramView.swift; sourceTree = "<group>"; };
		0981E1D229EDB41C00896816 /* NewsView.swift */ = {isa = PBXFileReference; lastKnownFileType = sourcecode.swift; path = NewsView.swift; sourceTree = "<group>"; };
		0981E1D429EDB42800896816 /* BlogView.swift */ = {isa = PBXFileReference; lastKnownFileType = sourcecode.swift; path = BlogView.swift; sourceTree = "<group>"; };
		0981E1D629EED63000896816 /* Localizable.strings */ = {isa = PBXFileReference; lastKnownFileType = text.plist.strings; path = Localizable.strings; sourceTree = "<group>"; };
		0981E1D829EED68300896816 /* MscreenerText.swift */ = {isa = PBXFileReference; lastKnownFileType = sourcecode.swift; path = MscreenerText.swift; sourceTree = "<group>"; };
		09F713F729E84CDE00148808 /* mscreener.app */ = {isa = PBXFileReference; explicitFileType = wrapper.application; includeInIndex = 0; path = mscreener.app; sourceTree = BUILT_PRODUCTS_DIR; };
		09F713FA29E84CDE00148808 /* mscreenerApp.swift */ = {isa = PBXFileReference; lastKnownFileType = sourcecode.swift; path = mscreenerApp.swift; sourceTree = "<group>"; };
		09F713FC29E84CDE00148808 /* ContentView.swift */ = {isa = PBXFileReference; lastKnownFileType = sourcecode.swift; path = ContentView.swift; sourceTree = "<group>"; };
		09F713FE29E84CDF00148808 /* Assets.xcassets */ = {isa = PBXFileReference; lastKnownFileType = folder.assetcatalog; path = Assets.xcassets; sourceTree = "<group>"; };
		09F7140729E84CDF00148808 /* mscreenerTests.xctest */ = {isa = PBXFileReference; explicitFileType = wrapper.cfbundle; includeInIndex = 0; path = mscreenerTests.xctest; sourceTree = BUILT_PRODUCTS_DIR; };
		09F7140B29E84CDF00148808 /* mscreenerTests.swift */ = {isa = PBXFileReference; lastKnownFileType = sourcecode.swift; path = mscreenerTests.swift; sourceTree = "<group>"; };
		09F7141129E84CDF00148808 /* mscreenerUITests.xctest */ = {isa = PBXFileReference; explicitFileType = wrapper.cfbundle; includeInIndex = 0; path = mscreenerUITests.xctest; sourceTree = BUILT_PRODUCTS_DIR; };
		09F7141529E84CDF00148808 /* mscreenerUITests.swift */ = {isa = PBXFileReference; lastKnownFileType = sourcecode.swift; path = mscreenerUITests.swift; sourceTree = "<group>"; };
		09F7141729E84CDF00148808 /* mscreenerUITestsLaunchTests.swift */ = {isa = PBXFileReference; lastKnownFileType = sourcecode.swift; path = mscreenerUITestsLaunchTests.swift; sourceTree = "<group>"; };
		09F7142429E84CEF00148808 /* Home.swift */ = {isa = PBXFileReference; lastKnownFileType = sourcecode.swift; path = Home.swift; sourceTree = "<group>"; };
		09F7142629E84CF600148808 /* Profile.swift */ = {isa = PBXFileReference; lastKnownFileType = sourcecode.swift; path = Profile.swift; sourceTree = "<group>"; };
		09F7142829E8551800148808 /* Tab.swift */ = {isa = PBXFileReference; lastKnownFileType = sourcecode.swift; path = Tab.swift; sourceTree = "<group>"; };
		09F7142A29E8576500148808 /* TwitterView.swift */ = {isa = PBXFileReference; lastKnownFileType = sourcecode.swift; path = TwitterView.swift; sourceTree = "<group>"; };
/* End PBXFileReference section */

/* Begin PBXFrameworksBuildPhase section */
		09F713F429E84CDE00148808 /* Frameworks */ = {
			isa = PBXFrameworksBuildPhase;
			buildActionMask = 2147483647;
			files = (
			);
			runOnlyForDeploymentPostprocessing = 0;
		};
		09F7140429E84CDF00148808 /* Frameworks */ = {
			isa = PBXFrameworksBuildPhase;
			buildActionMask = 2147483647;
			files = (
			);
			runOnlyForDeploymentPostprocessing = 0;
		};
		09F7140E29E84CDF00148808 /* Frameworks */ = {
			isa = PBXFrameworksBuildPhase;
			buildActionMask = 2147483647;
			files = (
			);
			runOnlyForDeploymentPostprocessing = 0;
		};
/* End PBXFrameworksBuildPhase section */

/* Begin PBXGroup section */
		09F713EE29E84CDE00148808 = {
			isa = PBXGroup;
			children = (
				09F713F929E84CDE00148808 /* mscreener */,
				09F7140A29E84CDF00148808 /* mscreenerTests */,
				09F7141429E84CDF00148808 /* mscreenerUITests */,
				09F713F829E84CDE00148808 /* Products */,
			);
			sourceTree = "<group>";
		};
		09F713F829E84CDE00148808 /* Products */ = {
			isa = PBXGroup;
			children = (
				09F713F729E84CDE00148808 /* mscreener.app */,
				09F7140729E84CDF00148808 /* mscreenerTests.xctest */,
				09F7141129E84CDF00148808 /* mscreenerUITests.xctest */,
			);
			name = Products;
			sourceTree = "<group>";
		};
		09F713F929E84CDE00148808 /* mscreener */ = {
			isa = PBXGroup;
			children = (
				09F713FA29E84CDE00148808 /* mscreenerApp.swift */,
				09F713FC29E84CDE00148808 /* ContentView.swift */,
				09F713FE29E84CDF00148808 /* Assets.xcassets */,
				09F7142429E84CEF00148808 /* Home.swift */,
				09F7142629E84CF600148808 /* Profile.swift */,
				09F7142829E8551800148808 /* Tab.swift */,
				09F7142A29E8576500148808 /* TwitterView.swift */,
				0981E1CE29EDAF0500896816 /* RedditView.swift */,
				0981E1D029EDB40800896816 /* TelegramView.swift */,
				0981E1D229EDB41C00896816 /* NewsView.swift */,
				0981E1D429EDB42800896816 /* BlogView.swift */,
				0981E1D629EED63000896816 /* Localizable.strings */,
				0981E1D829EED68300896816 /* MscreenerText.swift */,
			);
			path = mscreener;
			sourceTree = "<group>";
		};
		09F7140A29E84CDF00148808 /* mscreenerTests */ = {
			isa = PBXGroup;
			children = (
				09F7140B29E84CDF00148808 /* mscreenerTests.swift */,
			);
			path = mscreenerTests;
			sourceTree = "<group>";
		};
		09F7141429E84CDF00148808 /* mscreenerUITests */ = {
			isa = PBXGroup;
			children = (
				09F7141529E84CDF00148808 /* mscreenerUITests.swift */,
				09F7141729E84CDF00148808 /* mscreenerUITestsLaunchTests.swift */,
			);
			path = mscreenerUITests;
			sourceTree = "<group>";
		};
/* End PBXGroup section */

/* Begin PBXNativeTarget section */
		09F713F629E84CDE00148808 /* mscreener */ = {
			isa = PBXNativeTarget;
			buildConfigurationList = 09F7141B29E84CDF00148808 /* Build configuration list for PBXNativeTarget "mscreener" */;
			buildPhases = (
				09F713F329E84CDE00148808 /* Sources */,
				09F713F429E84CDE00148808 /* Frameworks */,
				09F713F529E84CDE00148808 /* Resources */,
			);
			buildRules = (
			);
			dependencies = (
			);
			name = mscreener;
			productName = mscreener;
			productReference = 09F713F729E84CDE00148808 /* mscreener.app */;
			productType = "com.apple.product-type.application";
		};
		09F7140629E84CDF00148808 /* mscreenerTests */ = {
			isa = PBXNativeTarget;
			buildConfigurationList = 09F7141E29E84CDF00148808 /* Build configuration list for PBXNativeTarget "mscreenerTests" */;
			buildPhases = (
				09F7140329E84CDF00148808 /* Sources */,
				09F7140429E84CDF00148808 /* Frameworks */,
				09F7140529E84CDF00148808 /* Resources */,
			);
			buildRules = (
			);
			dependencies = (
				09F7140929E84CDF00148808 /* PBXTargetDependency */,
			);
			name = mscreenerTests;
			productName = mscreenerTests;
			productReference = 09F7140729E84CDF00148808 /* mscreenerTests.xctest */;
			productType = "com.apple.product-type.bundle.unit-test";
		};
		09F7141029E84CDF00148808 /* mscreenerUITests */ = {
			isa = PBXNativeTarget;
			buildConfigurationList = 09F7142129E84CDF00148808 /* Build configuration list for PBXNativeTarget "mscreenerUITests" */;
			buildPhases = (
				09F7140D29E84CDF00148808 /* Sources */,
				09F7140E29E84CDF00148808 /* Frameworks */,
				09F7140F29E84CDF00148808 /* Resources */,
			);
			buildRules = (
			);
			dependencies = (
				09F7141329E84CDF00148808 /* PBXTargetDependency */,
			);
			name = mscreenerUITests;
			productName = mscreenerUITests;
			productReference = 09F7141129E84CDF00148808 /* mscreenerUITests.xctest */;
			productType = "com.apple.product-type.bundle.ui-testing";
		};
/* End PBXNativeTarget section */

/* Begin PBXProject section */
		09F713EF29E84CDE00148808 /* Project object */ = {
			isa = PBXProject;
			attributes = {
				BuildIndependentTargetsInParallel = 1;
				LastSwiftUpdateCheck = 1430;
				LastUpgradeCheck = 1430;
				TargetAttributes = {
					09F713F629E84CDE00148808 = {
						CreatedOnToolsVersion = 14.3;
					};
					09F7140629E84CDF00148808 = {
						CreatedOnToolsVersion = 14.3;
						TestTargetID = 09F713F629E84CDE00148808;
					};
					09F7141029E84CDF00148808 = {
						CreatedOnToolsVersion = 14.3;
						TestTargetID = 09F713F629E84CDE00148808;
					};
				};
			};
			buildConfigurationList = 09F713F229E84CDE00148808 /* Build configuration list for PBXProject "mscreener" */;
			compatibilityVersion = "Xcode 14.0";
			developmentRegion = en;
			hasScannedForEncodings = 0;
			knownRegions = (
				en,
				Base,
			);
			mainGroup = 09F713EE29E84CDE00148808;
			packageReferences = (
				098FA62A29E87C2300DFCDBC /* XCRemoteSwiftPackageReference "firebase-ios-sdk" */,
			);
			productRefGroup = 09F713F829E84CDE00148808 /* Products */;
			projectDirPath = "";
			projectRoot = "";
			targets = (
				09F713F629E84CDE00148808 /* mscreener */,
				09F7140629E84CDF00148808 /* mscreenerTests */,
				09F7141029E84CDF00148808 /* mscreenerUITests */,
			);
		};
/* End PBXProject section */

/* Begin PBXResourcesBuildPhase section */
		09F713F529E84CDE00148808 /* Resources */ = {
			isa = PBXResourcesBuildPhase;
			buildActionMask = 2147483647;
			files = (
				09F713FF29E84CDF00148808 /* Assets.xcassets in Resources */,
				0981E1D729EED63000896816 /* Localizable.strings in Resources */,
			);
			runOnlyForDeploymentPostprocessing = 0;
		};
		09F7140529E84CDF00148808 /* Resources */ = {
			isa = PBXResourcesBuildPhase;
			buildActionMask = 2147483647;
			files = (
			);
			runOnlyForDeploymentPostprocessing = 0;
		};
		09F7140F29E84CDF00148808 /* Resources */ = {
			isa = PBXResourcesBuildPhase;
			buildActionMask = 2147483647;
			files = (
			);
			runOnlyForDeploymentPostprocessing = 0;
		};
/* End PBXResourcesBuildPhase section */

/* Begin PBXSourcesBuildPhase section */
		09F713F329E84CDE00148808 /* Sources */ = {
			isa = PBXSourcesBuildPhase;
			buildActionMask = 2147483647;
			files = (
				09F7142B29E8576500148808 /* TwitterView.swift in Sources */,
				0981E1D129EDB40800896816 /* TelegramView.swift in Sources */,
				0981E1D529EDB42800896816 /* BlogView.swift in Sources */,
				09F713FD29E84CDE00148808 /* ContentView.swift in Sources */,
				0981E1D329EDB41C00896816 /* NewsView.swift in Sources */,
				09F7142729E84CF600148808 /* Profile.swift in Sources */,
				09F7142929E8551800148808 /* Tab.swift in Sources */,
				09F7142529E84CEF00148808 /* Home.swift in Sources */,
				09F713FB29E84CDE00148808 /* mscreenerApp.swift in Sources */,
				0981E1D929EED68300896816 /* MscreenerText.swift in Sources */,
				0981E1CF29EDAF0500896816 /* RedditView.swift in Sources */,
			);
			runOnlyForDeploymentPostprocessing = 0;
		};
		09F7140329E84CDF00148808 /* Sources */ = {
			isa = PBXSourcesBuildPhase;
			buildActionMask = 2147483647;
			files = (
				09F7140C29E84CDF00148808 /* mscreenerTests.swift in Sources */,
			);
			runOnlyForDeploymentPostprocessing = 0;
		};
		09F7140D29E84CDF00148808 /* Sources */ = {
			isa = PBXSourcesBuildPhase;
			buildActionMask = 2147483647;
			files = (
				09F7141629E84CDF00148808 /* mscreenerUITests.swift in Sources */,
				09F7141829E84CDF00148808 /* mscreenerUITestsLaunchTests.swift in Sources */,
			);
			runOnlyForDeploymentPostprocessing = 0;
		};
/* End PBXSourcesBuildPhase section */

/* Begin PBXTargetDependency section */
		09F7140929E84CDF00148808 /* PBXTargetDependency */ = {
			isa = PBXTargetDependency;
			target = 09F713F629E84CDE00148808 /* mscreener */;
			targetProxy = 09F7140829E84CDF00148808 /* PBXContainerItemProxy */;
		};
		09F7141329E84CDF00148808 /* PBXTargetDependency */ = {
			isa = PBXTargetDependency;
			target = 09F713F629E84CDE00148808 /* mscreener */;
			targetProxy = 09F7141229E84CDF00148808 /* PBXContainerItemProxy */;
		};
/* End PBXTargetDependency section */

/* Begin XCBuildConfiguration section */
		09F7141929E84CDF00148808 /* Debug */ = {
			isa = XCBuildConfiguration;
			buildSettings = {
				ALWAYS_SEARCH_USER_PATHS = NO;
				CLANG_ANALYZER_NONNULL = YES;
				CLANG_ANALYZER_NUMBER_OBJECT_CONVERSION = YES_AGGRESSIVE;
				CLANG_CXX_LANGUAGE_STANDARD = "gnu++20";
				CLANG_ENABLE_MODULES = YES;
				CLANG_ENABLE_OBJC_ARC = YES;
				CLANG_ENABLE_OBJC_WEAK = YES;
				CLANG_WARN_BLOCK_CAPTURE_AUTORELEASING = YES;
				CLANG_WARN_BOOL_CONVERSION = YES;
				CLANG_WARN_COMMA = YES;
				CLANG_WARN_CONSTANT_CONVERSION = YES;
				CLANG_WARN_DEPRECATED_OBJC_IMPLEMENTATIONS = YES;
				CLANG_WARN_DIRECT_OBJC_ISA_USAGE = YES_ERROR;
				CLANG_WARN_DOCUMENTATION_COMMENTS = YES;
				CLANG_WARN_EMPTY_BODY = YES;
				CLANG_WARN_ENUM_CONVERSION = YES;
				CLANG_WARN_INFINITE_RECURSION = YES;
				CLANG_WARN_INT_CONVERSION = YES;
				CLANG_WARN_NON_LITERAL_NULL_CONVERSION = YES;
				CLANG_WARN_OBJC_IMPLICIT_RETAIN_SELF = YES;
				CLANG_WARN_OBJC_LITERAL_CONVERSION = YES;
				CLANG_WARN_OBJC_ROOT_CLASS = YES_ERROR;
				CLANG_WARN_QUOTED_INCLUDE_IN_FRAMEWORK_HEADER = YES;
				CLANG_WARN_RANGE_LOOP_ANALYSIS = YES;
				CLANG_WARN_STRICT_PROTOTYPES = YES;
				CLANG_WARN_SUSPICIOUS_MOVE = YES;
				CLANG_WARN_UNGUARDED_AVAILABILITY = YES_AGGRESSIVE;
				CLANG_WARN_UNREACHABLE_CODE = YES;
				CLANG_WARN__DUPLICATE_METHOD_MATCH = YES;
				COPY_PHASE_STRIP = NO;
				DEBUG_INFORMATION_FORMAT = dwarf;
				ENABLE_STRICT_OBJC_MSGSEND = YES;
				ENABLE_TESTABILITY = YES;
				GCC_C_LANGUAGE_STANDARD = gnu11;
				GCC_DYNAMIC_NO_PIC = NO;
				GCC_NO_COMMON_BLOCKS = YES;
				GCC_OPTIMIZATION_LEVEL = 0;
				GCC_PREPROCESSOR_DEFINITIONS = (
					"DEBUG=1",
					"$(inherited)",
				);
				GCC_WARN_64_TO_32_BIT_CONVERSION = YES;
				GCC_WARN_ABOUT_RETURN_TYPE = YES_ERROR;
				GCC_WARN_UNDECLARED_SELECTOR = YES;
				GCC_WARN_UNINITIALIZED_AUTOS = YES_AGGRESSIVE;
				GCC_WARN_UNUSED_FUNCTION = YES;
				GCC_WARN_UNUSED_VARIABLE = YES;
				IPHONEOS_DEPLOYMENT_TARGET = 16.4;
				MTL_ENABLE_DEBUG_INFO = INCLUDE_SOURCE;
				MTL_FAST_MATH = YES;
				ONLY_ACTIVE_ARCH = YES;
				SDKROOT = iphoneos;
				SWIFT_ACTIVE_COMPILATION_CONDITIONS = DEBUG;
				SWIFT_OPTIMIZATION_LEVEL = "-Onone";
			};
			name = Debug;
		};
		09F7141A29E84CDF00148808 /* Release */ = {
			isa = XCBuildConfiguration;
			buildSettings = {
				ALWAYS_SEARCH_USER_PATHS = NO;
				CLANG_ANALYZER_NONNULL = YES;
				CLANG_ANALYZER_NUMBER_OBJECT_CONVERSION = YES_AGGRESSIVE;
				CLANG_CXX_LANGUAGE_STANDARD = "gnu++20";
				CLANG_ENABLE_MODULES = YES;
				CLANG_ENABLE_OBJC_ARC = YES;
				CLANG_ENABLE_OBJC_WEAK = YES;
				CLANG_WARN_BLOCK_CAPTURE_AUTORELEASING = YES;
				CLANG_WARN_BOOL_CONVERSION = YES;
				CLANG_WARN_COMMA = YES;
				CLANG_WARN_CONSTANT_CONVERSION = YES;
				CLANG_WARN_DEPRECATED_OBJC_IMPLEMENTATIONS = YES;
				CLANG_WARN_DIRECT_OBJC_ISA_USAGE = YES_ERROR;
				CLANG_WARN_DOCUMENTATION_COMMENTS = YES;
				CLANG_WARN_EMPTY_BODY = YES;
				CLANG_WARN_ENUM_CONVERSION = YES;
				CLANG_WARN_INFINITE_RECURSION = YES;
				CLANG_WARN_INT_CONVERSION = YES;
				CLANG_WARN_NON_LITERAL_NULL_CONVERSION = YES;
				CLANG_WARN_OBJC_IMPLICIT_RETAIN_SELF = YES;
				CLANG_WARN_OBJC_LITERAL_CONVERSION = YES;
				CLANG_WARN_OBJC_ROOT_CLASS = YES_ERROR;
				CLANG_WARN_QUOTED_INCLUDE_IN_FRAMEWORK_HEADER = YES;
				CLANG_WARN_RANGE_LOOP_ANALYSIS = YES;
				CLANG_WARN_STRICT_PROTOTYPES = YES;
				CLANG_WARN_SUSPICIOUS_MOVE = YES;
				CLANG_WARN_UNGUARDED_AVAILABILITY = YES_AGGRESSIVE;
				CLANG_WARN_UNREACHABLE_CODE = YES;
				CLANG_WARN__DUPLICATE_METHOD_MATCH = YES;
				COPY_PHASE_STRIP = NO;
				DEBUG_INFORMATION_FORMAT = "dwarf-with-dsym";
				ENABLE_NS_ASSERTIONS = NO;
				ENABLE_STRICT_OBJC_MSGSEND = YES;
				GCC_C_LANGUAGE_STANDARD = gnu11;
				GCC_NO_COMMON_BLOCKS = YES;
				GCC_WARN_64_TO_32_BIT_CONVERSION = YES;
				GCC_WARN_ABOUT_RETURN_TYPE = YES_ERROR;
				GCC_WARN_UNDECLARED_SELECTOR = YES;
				GCC_WARN_UNINITIALIZED_AUTOS = YES_AGGRESSIVE;
				GCC_WARN_UNUSED_FUNCTION = YES;
				GCC_WARN_UNUSED_VARIABLE = YES;
				IPHONEOS_DEPLOYMENT_TARGET = 16.4;
				MTL_ENABLE_DEBUG_INFO = NO;
				MTL_FAST_MATH = YES;
				SDKROOT = iphoneos;
				SWIFT_COMPILATION_MODE = wholemodule;
				SWIFT_OPTIMIZATION_LEVEL = "-O";
				VALIDATE_PRODUCT = YES;
			};
			name = Release;
		};
		09F7141C29E84CDF00148808 /* Debug */ = {
			isa = XCBuildConfiguration;
			buildSettings = {
				ASSETCATALOG_COMPILER_APPICON_NAME = AppIcon;
				ASSETCATALOG_COMPILER_GLOBAL_ACCENT_COLOR_NAME = AccentColor;
				CODE_SIGN_STYLE = Automatic;
				CURRENT_PROJECT_VERSION = 1;
				DEVELOPMENT_ASSET_PATHS = "";
				DEVELOPMENT_TEAM = 5BZ6343QNY;
				ENABLE_PREVIEWS = YES;
				GENERATE_INFOPLIST_FILE = YES;
				INFOPLIST_KEY_UIApplicationSceneManifest_Generation = YES;
				INFOPLIST_KEY_UIApplicationSupportsIndirectInputEvents = YES;
				INFOPLIST_KEY_UILaunchScreen_Generation = YES;
				INFOPLIST_KEY_UISupportedInterfaceOrientations_iPad = "UIInterfaceOrientationPortrait UIInterfaceOrientationPortraitUpsideDown UIInterfaceOrientationLandscapeLeft UIInterfaceOrientationLandscapeRight";
				INFOPLIST_KEY_UISupportedInterfaceOrientations_iPhone = "UIInterfaceOrientationPortrait UIInterfaceOrientationLandscapeLeft UIInterfaceOrientationLandscapeRight";
				LD_RUNPATH_SEARCH_PATHS = (
					"$(inherited)",
					"@executable_path/Frameworks",
				);
				MARKETING_VERSION = 1.0;
				PRODUCT_BUNDLE_IDENTIFIER = marketscreener.mscreener;
				PRODUCT_NAME = "$(TARGET_NAME)";
				SWIFT_EMIT_LOC_STRINGS = YES;
				SWIFT_VERSION = 5.0;
				TARGETED_DEVICE_FAMILY = "1,2";
			};
			name = Debug;
		};
		09F7141D29E84CDF00148808 /* Release */ = {
			isa = XCBuildConfiguration;
			buildSettings = {
				ASSETCATALOG_COMPILER_APPICON_NAME = AppIcon;
				ASSETCATALOG_COMPILER_GLOBAL_ACCENT_COLOR_NAME = AccentColor;
				CODE_SIGN_STYLE = Automatic;
				CURRENT_PROJECT_VERSION = 1;
				DEVELOPMENT_ASSET_PATHS = "";
				DEVELOPMENT_TEAM = 5BZ6343QNY;
				ENABLE_PREVIEWS = YES;
				GENERATE_INFOPLIST_FILE = YES;
				INFOPLIST_KEY_UIApplicationSceneManifest_Generation = YES;
				INFOPLIST_KEY_UIApplicationSupportsIndirectInputEvents = YES;
				INFOPLIST_KEY_UILaunchScreen_Generation = YES;
				INFOPLIST_KEY_UISupportedInterfaceOrientations_iPad = "UIInterfaceOrientationPortrait UIInterfaceOrientationPortraitUpsideDown UIInterfaceOrientationLandscapeLeft UIInterfaceOrientationLandscapeRight";
				INFOPLIST_KEY_UISupportedInterfaceOrientations_iPhone = "UIInterfaceOrientationPortrait UIInterfaceOrientationLandscapeLeft UIInterfaceOrientationLandscapeRight";
				LD_RUNPATH_SEARCH_PATHS = (
					"$(inherited)",
					"@executable_path/Frameworks",
				);
				MARKETING_VERSION = 1.0;
				PRODUCT_BUNDLE_IDENTIFIER = marketscreener.mscreener;
				PRODUCT_NAME = "$(TARGET_NAME)";
				SWIFT_EMIT_LOC_STRINGS = YES;
				SWIFT_VERSION = 5.0;
				TARGETED_DEVICE_FAMILY = "1,2";
			};
			name = Release;
		};
		09F7141F29E84CDF00148808 /* Debug */ = {
			isa = XCBuildConfiguration;
			buildSettings = {
				ALWAYS_EMBED_SWIFT_STANDARD_LIBRARIES = YES;
				BUNDLE_LOADER = "$(TEST_HOST)";
				CODE_SIGN_STYLE = Automatic;
				CURRENT_PROJECT_VERSION = 1;
				DEVELOPMENT_TEAM = 5BZ6343QNY;
				GENERATE_INFOPLIST_FILE = YES;
				IPHONEOS_DEPLOYMENT_TARGET = 16.4;
				MARKETING_VERSION = 1.0;
				PRODUCT_BUNDLE_IDENTIFIER = marketscreener.mscreenerTests;
				PRODUCT_NAME = "$(TARGET_NAME)";
				SWIFT_EMIT_LOC_STRINGS = NO;
				SWIFT_VERSION = 5.0;
				TARGETED_DEVICE_FAMILY = "1,2";
				TEST_HOST = "$(BUILT_PRODUCTS_DIR)/mscreener.app/$(BUNDLE_EXECUTABLE_FOLDER_PATH)/mscreener";
			};
			name = Debug;
		};
		09F7142029E84CDF00148808 /* Release */ = {
			isa = XCBuildConfiguration;
			buildSettings = {
				ALWAYS_EMBED_SWIFT_STANDARD_LIBRARIES = YES;
				BUNDLE_LOADER = "$(TEST_HOST)";
				CODE_SIGN_STYLE = Automatic;
				CURRENT_PROJECT_VERSION = 1;
				DEVELOPMENT_TEAM = 5BZ6343QNY;
				GENERATE_INFOPLIST_FILE = YES;
				IPHONEOS_DEPLOYMENT_TARGET = 16.4;
				MARKETING_VERSION = 1.0;
				PRODUCT_BUNDLE_IDENTIFIER = marketscreener.mscreenerTests;
				PRODUCT_NAME = "$(TARGET_NAME)";
				SWIFT_EMIT_LOC_STRINGS = NO;
				SWIFT_VERSION = 5.0;
				TARGETED_DEVICE_FAMILY = "1,2";
				TEST_HOST = "$(BUILT_PRODUCTS_DIR)/mscreener.app/$(BUNDLE_EXECUTABLE_FOLDER_PATH)/mscreener";
			};
			name = Release;
		};
		09F7142229E84CDF00148808 /* Debug */ = {
			isa = XCBuildConfiguration;
			buildSettings = {
				ALWAYS_EMBED_SWIFT_STANDARD_LIBRARIES = YES;
				CODE_SIGN_STYLE = Automatic;
				CURRENT_PROJECT_VERSION = 1;
				DEVELOPMENT_TEAM = 5BZ6343QNY;
				GENERATE_INFOPLIST_FILE = YES;
				MARKETING_VERSION = 1.0;
				PRODUCT_BUNDLE_IDENTIFIER = marketscreener.mscreenerUITests;
				PRODUCT_NAME = "$(TARGET_NAME)";
				SWIFT_EMIT_LOC_STRINGS = NO;
				SWIFT_VERSION = 5.0;
				TARGETED_DEVICE_FAMILY = "1,2";
				TEST_TARGET_NAME = mscreener;
			};
			name = Debug;
		};
		09F7142329E84CDF00148808 /* Release */ = {
			isa = XCBuildConfiguration;
			buildSettings = {
				ALWAYS_EMBED_SWIFT_STANDARD_LIBRARIES = YES;
				CODE_SIGN_STYLE = Automatic;
				CURRENT_PROJECT_VERSION = 1;
				DEVELOPMENT_TEAM = 5BZ6343QNY;
				GENERATE_INFOPLIST_FILE = YES;
				MARKETING_VERSION = 1.0;
				PRODUCT_BUNDLE_IDENTIFIER = marketscreener.mscreenerUITests;
				PRODUCT_NAME = "$(TARGET_NAME)";
				SWIFT_EMIT_LOC_STRINGS = NO;
				SWIFT_VERSION = 5.0;
				TARGETED_DEVICE_FAMILY = "1,2";
				TEST_TARGET_NAME = mscreener;
			};
			name = Release;
		};
/* End XCBuildConfiguration section */

/* Begin XCConfigurationList section */
		09F713F229E84CDE00148808 /* Build configuration list for PBXProject "mscreener" */ = {
			isa = XCConfigurationList;
			buildConfigurations = (
				09F7141929E84CDF00148808 /* Debug */,
				09F7141A29E84CDF00148808 /* Release */,
			);
			defaultConfigurationIsVisible = 0;
			defaultConfigurationName = Release;
		};
		09F7141B29E84CDF00148808 /* Build configuration list for PBXNativeTarget "mscreener" */ = {
			isa = XCConfigurationList;
			buildConfigurations = (
				09F7141C29E84CDF00148808 /* Debug */,
				09F7141D29E84CDF00148808 /* Release */,
			);
			defaultConfigurationIsVisible = 0;
			defaultConfigurationName = Release;
		};
		09F7141E29E84CDF00148808 /* Build configuration list for PBXNativeTarget "mscreenerTests" */ = {
			isa = XCConfigurationList;
			buildConfigurations = (
				09F7141F29E84CDF00148808 /* Debug */,
				09F7142029E84CDF00148808 /* Release */,
			);
			defaultConfigurationIsVisible = 0;
			defaultConfigurationName = Release;
		};
		09F7142129E84CDF00148808 /* Build configuration list for PBXNativeTarget "mscreenerUITests" */ = {
			isa = XCConfigurationList;
			buildConfigurations = (
				09F7142229E84CDF00148808 /* Debug */,
				09F7142329E84CDF00148808 /* Release */,
			);
			defaultConfigurationIsVisible = 0;
			defaultConfigurationName = Release;
		};
/* End XCConfigurationList section */

/* Begin XCRemoteSwiftPackageReference section */
		098FA62A29E87C2300DFCDBC /* XCRemoteSwiftPackageReference "firebase-ios-sdk" */ = {
			isa = XCRemoteSwiftPackageReference;
			repositoryURL = "https://github.com/firebase/firebase-ios-sdk.git";
			requirement = {
				kind = upToNextMajorVersion;
				minimumVersion = 10.0.0;
			};
		};
/* End XCRemoteSwiftPackageReference section */
	};
	rootObject = 09F713EF29E84CDE00148808 /* Project object */;
}
